
Microsoft Visual Studio Solution File, Format Version 12.00
# Visual Studio Version 17
VisualStudioVersion = 17.0.31903.59
MinimumVisualStudioVersion = 10.0.40219.1
Project("{2150E333-8FDC-42A3-9474-1A3956D46DE8}") = "src", "src", "{827E0CD3-B72D-47B6-A68D-7590B98EB39B}"
EndProject
Project("{FAE04EC0-301F-11D3-BF4B-00C04F79EFBC}") = "HelpDeskHero.Shared", "src\HelpDeskHero.Shared\HelpDeskHero.Shared.csproj", "{FD733FE6-D323-4C00-89B4-75E3F8D68747}"
EndProject
Project("{FAE04EC0-301F-11D3-BF4B-00C04F79EFBC}") = "HelpDeskHero.Api", "src\HelpDeskHero.Api\HelpDeskHero.Api.csproj", "{97030BDA-F349-4903-B565-6036F93C9731}"
EndProject
Project("{FAE04EC0-301F-11D3-BF4B-00C04F79EFBC}") = "HelpDeskHero.UI", "src\HelpDeskHero.UI\HelpDeskHero.UI.csproj", "{B5464605-063B-4387-9765-574EE82796BB}"
EndProject
Global
	GlobalSection(SolutionConfigurationPlatforms) = preSolution
		Debug|Any CPU = Debug|Any CPU
		Debug|x64 = Debug|x64
		Debug|x86 = Debug|x86
		Release|Any CPU = Release|Any CPU
		Release|x64 = Release|x64
		Release|x86 = Release|x86
	EndGlobalSection
	GlobalSection(ProjectConfigurationPlatforms) = postSolution
		{FD733FE6-D323-4C00-89B4-75E3F8D68747}.Debug|Any CPU.ActiveCfg = Debug|Any CPU
		{FD733FE6-D323-4C00-89B4-75E3F8D68747}.Debug|Any CPU.Build.0 = Debug|Any CPU
		{FD733FE6-D323-4C00-89B4-75E3F8D68747}.Debug|x64.ActiveCfg = Debug|Any CPU
		{FD733FE6-D323-4C00-89B4-75E3F8D68747}.Debug|x64.Build.0 = Debug|Any CPU
		{FD733FE6-D323-4C00-89B4-75E3F8D68747}.Debug|x86.ActiveCfg = Debug|Any CPU
		{FD733FE6-D323-4C00-89B4-75E3F8D68747}.Debug|x86.Build.0 = Debug|Any CPU
		{FD733FE6-D323-4C00-89B4-75E3F8D68747}.Release|Any CPU.ActiveCfg = Release|Any CPU
		{FD733FE6-D323-4C00-89B4-75E3F8D68747}.Release|Any CPU.Build.0 = Release|Any CPU
		{FD733FE6-D323-4C00-89B4-75E3F8D68747}.Release|x64.ActiveCfg = Release|Any CPU
		{FD733FE6-D323-4C00-89B4-75E3F8D68747}.Release|x64.Build.0 = Release|Any CPU
		{FD733FE6-D323-4C00-89B4-75E3F8D68747}.Release|x86.ActiveCfg = Release|Any CPU
		{FD733FE6-D323-4C00-89B4-75E3F8D68747}.Release|x86.Build.0 = Release|Any CPU
		{97030BDA-F349-4903-B565-6036F93C9731}.Debug|Any CPU.ActiveCfg = Debug|Any CPU
		{97030BDA-F349-4903-B565-6036F93C9731}.Debug|Any CPU.Build.0 = Debug|Any CPU
		{97030BDA-F349-4903-B565-6036F93C9731}.Debug|x64.ActiveCfg = Debug|Any CPU
		{97030BDA-F349-4903-B565-6036F93C9731}.Debug|x64.Build.0 = Debug|Any CPU
		{97030BDA-F349-4903-B565-6036F93C9731}.Debug|x86.ActiveCfg = Debug|Any CPU
		{97030BDA-F349-4903-B565-6036F93C9731}.Debug|x86.Build.0 = Debug|Any CPU
		{97030BDA-F349-4903-B565-6036F93C9731}.Release|Any CPU.ActiveCfg = Release|Any CPU
		{97030BDA-F349-4903-B565-6036F93C9731}.Release|Any CPU.Build.0 = Release|Any CPU
		{97030BDA-F349-4903-B565-6036F93C9731}.Release|x64.ActiveCfg = Release|Any CPU
		{97030BDA-F349-4903-B565-6036F93C9731}.Release|x64.Build.0 = Release|Any CPU
		{97030BDA-F349-4903-B565-6036F93C9731}.Release|x86.ActiveCfg = Release|Any CPU
		{97030BDA-F349-4903-B565-6036F93C9731}.Release|x86.Build.0 = Release|Any CPU
		{B5464605-063B-4387-9765-574EE82796BB}.Debug|Any CPU.ActiveCfg = Debug|Any CPU
		{B5464605-063B-4387-9765-574EE82796BB}.Debug|Any CPU.Build.0 = Debug|Any CPU
		{B5464605-063B-4387-9765-574EE82796BB}.Debug|x64.ActiveCfg = Debug|Any CPU
		{B5464605-063B-4387-9765-574EE82796BB}.Debug|x64.Build.0 = Debug|Any CPU
		{B5464605-063B-4387-9765-574EE82796BB}.Debug|x86.ActiveCfg = Debug|Any CPU
		{B5464605-063B-4387-9765-574EE82796BB}.Debug|x86.Build.0 = Debug|Any CPU
		{B5464605-063B-4387-9765-574EE82796BB}.Release|Any CPU.ActiveCfg = Release|Any CPU
		{B5464605-063B-4387-9765-574EE82796BB}.Release|Any CPU.Build.0 = Release|Any CPU
		{B5464605-063B-4387-9765-574EE82796BB}.Release|x64.ActiveCfg = Release|Any CPU
		{B5464605-063B-4387-9765-574EE82796BB}.Release|x64.Build.0 = Release|Any CPU
		{B5464605-063B-4387-9765-574EE82796BB}.Release|x86.ActiveCfg = Release|Any CPU
		{B5464605-063B-4387-9765-574EE82796BB}.Release|x86.Build.0 = Release|Any CPU
	EndGlobalSection
	GlobalSection(SolutionProperties) = preSolution
		HideSolutionNode = FALSE
	EndGlobalSection
	GlobalSection(NestedProjects) = preSolution
		{FD733FE6-D323-4C00-89B4-75E3F8D68747} = {827E0CD3-B72D-47B6-A68D-7590B98EB39B}
		{97030BDA-F349-4903-B565-6036F93C9731} = {827E0CD3-B72D-47B6-A68D-7590B98EB39B}
		{B5464605-063B-4387-9765-574EE82796BB} = {827E0CD3-B72D-47B6-A68D-7590B98EB39B}
	EndGlobalSection
EndGlobal
